
Microsoft Visual Studio Solution File, Format Version 12.00
# Visual Studio Version 17
VisualStudioVersion = 17.13.35913.81 d17.13
MinimumVisualStudioVersion = 10.0.40219.1
Project("{FAE04EC0-301F-11D3-BF4B-00C04F79EFBC}") = "TodoDemo", "TodoDemo\TodoDemo.csproj", "{D21778FF-2B4E-4085-B23C-8654B01CE916}"
EndProject
Global
	GlobalSection(SolutionConfigurationPlatforms) = preSolution
		Debug|Any CPU = Debug|Any CPU
		Release|Any CPU = Release|Any CPU
	EndGlobalSection
	GlobalSection(ProjectConfigurationPlatforms) = postSolution
		{D21778FF-2B4E-4085-B23C-8654B01CE916}.Debug|Any CPU.ActiveCfg = Debug|Any CPU
		{D21778FF-2B4E-4085-B23C-8654B01CE916}.Debug|Any CPU.Build.0 = Debug|Any CPU
		{D21778FF-2B4E-4085-B23C-8654B01CE916}.Release|Any CPU.ActiveCfg = Release|Any CPU
		{D21778FF-2B4E-4085-B23C-8654B01CE916}.Release|Any CPU.Build.0 = Release|Any CPU
	EndGlobalSection
	GlobalSection(SolutionProperties) = preSolution
		HideSolutionNode = FALSE
	EndGlobalSection
	GlobalSection(ExtensibilityGlobals) = postSolution
		SolutionGuid = {EB221703-B43F-4209-A4A0-0774733276CD}
	EndGlobalSection
EndGlobal
